
Microsoft Visual Studio Solution File, Format Version 12.00
# Visual Studio Version 17
VisualStudioVersion = 17.2.32602.215
MinimumVisualStudioVersion = 10.0.40219.1
Project("{8BC9CEB8-8B4A-11D0-8D11-00A0C91BC942}") = "Calculette", "Calculette\Calculette.vcxproj", "{3008A1C3-3846-4D6A-A84C-74BA55606910}"
EndProject
Project("{8BC9CEB8-8B4A-11D0-8D11-00A0C91BC942}") = "Formative-TreasureHunt", "TreasureHunt\TreasureHunt.vcxproj", "{48684622-92D5-4F3D-86A0-27549FB4BED2}"
EndProject
Project("{8BC9CEB8-8B4A-11D0-8D11-00A0C91BC942}") = "EnumExample", "EnumExample\EnumExample.vcxproj", "{62B91044-3F83-4BBF-B191-58A77FD8DB64}"
EndProject
Project("{8BC9CEB8-8B4A-11D0-8D11-00A0C91BC942}") = "Arrays", "Arrays\Arrays.vcxproj", "{2C124C5C-CDAA-4D53-9108-8619E51F179F}"
EndProject
Project("{8BC9CEB8-8B4A-11D0-8D11-00A0C91BC942}") = "ValueReference", "ValueReference\ValueReference.vcxproj", "{533AFBFB-63E5-4BD1-A629-EDFDE727B6FE}"
EndProject
Project("{8BC9CEB8-8B4A-11D0-8D11-00A0C91BC942}") = "Strings", "Strings\Strings.vcxproj", "{F44A6528-4407-4000-86A0-A606ABDF15B1}"
EndProject
Project("{8BC9CEB8-8B4A-11D0-8D11-00A0C91BC942}") = "Conditions", "Conditions\Conditions.vcxproj", "{DF8E24FA-05E1-4A5F-9373-89783AAEC5A4}"
EndProject
Project("{2150E333-8FDC-42A3-9474-1A3956D46DE8}") = "String Exercices", "String Exercices", "{F8ADDAE7-1DA1-4A77-881B-077EE5BD936E}"
EndProject
Project("{8BC9CEB8-8B4A-11D0-8D11-00A0C91BC942}") = "Strings - Exercices - 1 - Concatenation", "Strings - Exercices - 1 - Concatenation\Strings - Exercices - 1 - Concatenation.vcxproj", "{8356E73D-EB52-45E6-8105-FE42DE8FBFB3}"
EndProject
Project("{8BC9CEB8-8B4A-11D0-8D11-00A0C91BC942}") = "Strings - Exercices - 2 - SeekForVowels", "Strings - Exercices - 2 - SeekForVowels\Strings - Exercices - 2 - SeekForVowels.vcxproj", "{D1324809-32FD-4A30-885C-D038AC6E7680}"
EndProject
Project("{8BC9CEB8-8B4A-11D0-8D11-00A0C91BC942}") = "Strings - Exercices - 5 - CapitalizeWords", "Strings - Exercices - 5 - CapitalizeWords\Strings - Exercices - 5 - CapitalizeWords.vcxproj", "{581B3677-3A10-40C9-B699-0BEA6E3A8084}"
EndProject
Project("{2150E333-8FDC-42A3-9474-1A3956D46DE8}") = "NonDecimalArithmetic", "NonDecimalArithmetic", "{9BB0B911-21F2-436C-953F-87C137176F4D}"
EndProject
Project("{8BC9CEB8-8B4A-11D0-8D11-00A0C91BC942}") = "NonDemicalArithmetic", "NonDemicalArithmetic\NonDemicalArithmetic.vcxproj", "{40ECBCC8-C0EF-4775-91E7-4F08C89149F9}"
EndProject
Project("{2150E333-8FDC-42A3-9474-1A3956D46DE8}") = "DataStructures", "DataStructures", "{4E96CF43-220C-4CDF-9CDC-81B24FC234E6}"
EndProject
Project("{8BC9CEB8-8B4A-11D0-8D11-00A0C91BC942}") = "DataStructures", "DataStructures\DataStructures.vcxproj", "{ECCE2ECB-6829-4956-862A-48937ECE8B8C}"
EndProject
Project("{8BC9CEB8-8B4A-11D0-8D11-00A0C91BC942}") = "Struct", "Struct\Struct.vcxproj", "{400F5CA7-DBB9-47F1-9F88-F1B5755026DD}"
EndProject
Project("{8BC9CEB8-8B4A-11D0-8D11-00A0C91BC942}") = "Formative-PokerGame", "Deck\Deck.vcxproj", "{5E81E155-E568-496F-9F2C-486F1F6D893E}"
EndProject
Project("{2150E333-8FDC-42A3-9474-1A3956D46DE8}") = "OOP", "OOP", "{2DA1259F-ADA3-4929-AECE-5E8BD7383EBD}"
EndProject
Project("{8BC9CEB8-8B4A-11D0-8D11-00A0C91BC942}") = "OOP-Basics", "OOP-Basics\OOP-Basics.vcxproj", "{11739AD5-56E9-476F-BFEF-BE12E67166E5}"
EndProject
Project("{8BC9CEB8-8B4A-11D0-8D11-00A0C91BC942}") = "VendingMachine", "VendingMachine\VendingMachine.vcxproj", "{3A5A13FF-5041-4A28-B552-5B0F7A5ADE7B}"
EndProject
Project("{8BC9CEB8-8B4A-11D0-8D11-00A0C91BC942}") = "AutoPoker", "AutoPoker\AutoPoker.vcxproj", "{89322538-2CA2-46EC-887D-862995F832E2}"
EndProject
Project("{8BC9CEB8-8B4A-11D0-8D11-00A0C91BC942}") = "OperatorOverload", "OperatorOverload\OperatorOverload.vcxproj", "{DAC63FF9-AF6B-46CF-9A34-322A7C02BF90}"
EndProject
Project("{8BC9CEB8-8B4A-11D0-8D11-00A0C91BC942}") = "Inheritance", "Inheritance\Inheritance.vcxproj", "{AEC0D51B-98CD-48BF-BCB1-2D7152E1A03E}"
EndProject
Project("{8BC9CEB8-8B4A-11D0-8D11-00A0C91BC942}") = "Polymorphism", "Polymorphism\Polymorphism.vcxproj", "{BA46779B-FAD2-442D-9DF4-D9DE39696421}"
EndProject
Project("{8BC9CEB8-8B4A-11D0-8D11-00A0C91BC942}") = "RandomGenerator", "RandomGenerator\RandomGenerator.vcxproj", "{BF9F83D0-A9CD-4AD3-9B9C-C7F943DB12EF}"
EndProject
Project("{2150E333-8FDC-42A3-9474-1A3956D46DE8}") = "Deeper into STD", "Deeper into STD", "{AF1691D3-BEB8-44C8-A1C4-43584F2DF936}"
EndProject
Project("{8BC9CEB8-8B4A-11D0-8D11-00A0C91BC942}") = "DeeperIntoSTd - ReadWrite", "DeeperIntoSTd - ReadWrite\DeeperIntoSTd - ReadWrite.vcxproj", "{B6BE0EF4-632D-4E63-BA64-DE40C24E53EC}"
EndProject
Project("{8BC9CEB8-8B4A-11D0-8D11-00A0C91BC942}") = "Deeper into STD - ioFile", "Deeper into STD - ioFile\Deeper into STD - ioFile.vcxproj", "{DDBBAC2C-EBFA-49AB-B57C-FE48824CD5E4}"
EndProject
Project("{8BC9CEB8-8B4A-11D0-8D11-00A0C91BC942}") = "DeeperIntoStd - Algorithm", "DeeperIntoStd - Algorithm\DeeperIntoStd - Algorithm.vcxproj", "{A59DE639-34BD-4296-B0AF-9F87FA1A9F01}"
EndProject
Project("{8BC9CEB8-8B4A-11D0-8D11-00A0C91BC942}") = "Deeper dive into STD - Algorithm", "Deeper dive into STD - Algorithm\Deeper dive into STD - Algorithm.vcxproj", "{78C0FEA7-8730-4F6B-A3B3-2B546F06CC60}"
EndProject
Project("{2150E333-8FDC-42A3-9474-1A3956D46DE8}") = "Formatives", "Formatives", "{927BE22D-15C4-4EB3-95FB-BFA6EC35A30A}"
EndProject
Project("{8BC9CEB8-8B4A-11D0-8D11-00A0C91BC942}") = "Formative-Inventory", "Formative-Inventory\Formative-Inventory.vcxproj", "{66A1581B-B6C1-476C-8AEC-26B3C9EB7182}"
EndProject
Project("{8BC9CEB8-8B4A-11D0-8D11-00A0C91BC942}") = "JSon", "JSon\JSon.vcxproj", "{227D769E-4E0E-484B-9887-29EE02040E99}"
EndProject
Project("{8BC9CEB8-8B4A-11D0-8D11-00A0C91BC942}") = "05_platformer_oop", "SimpleLevelEditor\05_platformer_oop\05_platformer_oop.vcxproj", "{838644FA-3230-4283-ACB9-A08742A702CF}"
EndProject
Project("{8BC9CEB8-8B4A-11D0-8D11-00A0C91BC942}") = "Const", "Const\Const.vcxproj", "{C6FE7284-C841-4C15-8227-310305E9FDAF}"
EndProject
Project("{8BC9CEB8-8B4A-11D0-8D11-00A0C91BC942}") = "StdVectorAddRemove", "StdVectorAddRemove\StdVectorAddRemove.vcxproj", "{911926BD-9FDB-44B8-ABBC-9C96CF24D7DB}"
EndProject
Global
	GlobalSection(SolutionConfigurationPlatforms) = preSolution
		Debug|x64 = Debug|x64
		Debug|x86 = Debug|x86
		Release|x64 = Release|x64
		Release|x86 = Release|x86
	EndGlobalSection
	GlobalSection(ProjectConfigurationPlatforms) = postSolution
		{3008A1C3-3846-4D6A-A84C-74BA55606910}.Debug|x64.ActiveCfg = Debug|x64
		{3008A1C3-3846-4D6A-A84C-74BA55606910}.Debug|x64.Build.0 = Debug|x64
		{3008A1C3-3846-4D6A-A84C-74BA55606910}.Debug|x86.ActiveCfg = Debug|Win32
		{3008A1C3-3846-4D6A-A84C-74BA55606910}.Debug|x86.Build.0 = Debug|Win32
		{3008A1C3-3846-4D6A-A84C-74BA55606910}.Release|x64.ActiveCfg = Release|x64
		{3008A1C3-3846-4D6A-A84C-74BA55606910}.Release|x64.Build.0 = Release|x64
		{3008A1C3-3846-4D6A-A84C-74BA55606910}.Release|x86.ActiveCfg = Release|Win32
		{3008A1C3-3846-4D6A-A84C-74BA55606910}.Release|x86.Build.0 = Release|Win32
		{48684622-92D5-4F3D-86A0-27549FB4BED2}.Debug|x64.ActiveCfg = Debug|x64
		{48684622-92D5-4F3D-86A0-27549FB4BED2}.Debug|x64.Build.0 = Debug|x64
		{48684622-92D5-4F3D-86A0-27549FB4BED2}.Debug|x86.ActiveCfg = Debug|Win32
		{48684622-92D5-4F3D-86A0-27549FB4BED2}.Debug|x86.Build.0 = Debug|Win32
		{48684622-92D5-4F3D-86A0-27549FB4BED2}.Release|x64.ActiveCfg = Release|x64
		{48684622-92D5-4F3D-86A0-27549FB4BED2}.Release|x64.Build.0 = Release|x64
		{48684622-92D5-4F3D-86A0-27549FB4BED2}.Release|x86.ActiveCfg = Release|Win32
		{48684622-92D5-4F3D-86A0-27549FB4BED2}.Release|x86.Build.0 = Release|Win32
		{62B91044-3F83-4BBF-B191-58A77FD8DB64}.Debug|x64.ActiveCfg = Debug|x64
		{62B91044-3F83-4BBF-B191-58A77FD8DB64}.Debug|x64.Build.0 = Debug|x64
		{62B91044-3F83-4BBF-B191-58A77FD8DB64}.Debug|x86.ActiveCfg = Debug|Win32
		{62B91044-3F83-4BBF-B191-58A77FD8DB64}.Debug|x86.Build.0 = Debug|Win32
		{62B91044-3F83-4BBF-B191-58A77FD8DB64}.Release|x64.ActiveCfg = Release|x64
		{62B91044-3F83-4BBF-B191-58A77FD8DB64}.Release|x64.Build.0 = Release|x64
		{62B91044-3F83-4BBF-B191-58A77FD8DB64}.Release|x86.ActiveCfg = Release|Win32
		{62B91044-3F83-4BBF-B191-58A77FD8DB64}.Release|x86.Build.0 = Release|Win32
		{2C124C5C-CDAA-4D53-9108-8619E51F179F}.Debug|x64.ActiveCfg = Debug|x64
		{2C124C5C-CDAA-4D53-9108-8619E51F179F}.Debug|x64.Build.0 = Debug|x64
		{2C124C5C-CDAA-4D53-9108-8619E51F179F}.Debug|x86.ActiveCfg = Debug|Win32
		{2C124C5C-CDAA-4D53-9108-8619E51F179F}.Debug|x86.Build.0 = Debug|Win32
		{2C124C5C-CDAA-4D53-9108-8619E51F179F}.Release|x64.ActiveCfg = Release|x64
		{2C124C5C-CDAA-4D53-9108-8619E51F179F}.Release|x64.Build.0 = Release|x64
		{2C124C5C-CDAA-4D53-9108-8619E51F179F}.Release|x86.ActiveCfg = Release|Win32
		{2C124C5C-CDAA-4D53-9108-8619E51F179F}.Release|x86.Build.0 = Release|Win32
		{533AFBFB-63E5-4BD1-A629-EDFDE727B6FE}.Debug|x64.ActiveCfg = Debug|x64
		{533AFBFB-63E5-4BD1-A629-EDFDE727B6FE}.Debug|x64.Build.0 = Debug|x64
		{533AFBFB-63E5-4BD1-A629-EDFDE727B6FE}.Debug|x86.ActiveCfg = Debug|Win32
		{533AFBFB-63E5-4BD1-A629-EDFDE727B6FE}.Debug|x86.Build.0 = Debug|Win32
		{533AFBFB-63E5-4BD1-A629-EDFDE727B6FE}.Release|x64.ActiveCfg = Release|x64
		{533AFBFB-63E5-4BD1-A629-EDFDE727B6FE}.Release|x64.Build.0 = Release|x64
		{533AFBFB-63E5-4BD1-A629-EDFDE727B6FE}.Release|x86.ActiveCfg = Release|Win32
		{533AFBFB-63E5-4BD1-A629-EDFDE727B6FE}.Release|x86.Build.0 = Release|Win32
		{F44A6528-4407-4000-86A0-A606ABDF15B1}.Debug|x64.ActiveCfg = Debug|x64
		{F44A6528-4407-4000-86A0-A606ABDF15B1}.Debug|x64.Build.0 = Debug|x64
		{F44A6528-4407-4000-86A0-A606ABDF15B1}.Debug|x86.ActiveCfg = Debug|Win32
		{F44A6528-4407-4000-86A0-A606ABDF15B1}.Debug|x86.Build.0 = Debug|Win32
		{F44A6528-4407-4000-86A0-A606ABDF15B1}.Release|x64.ActiveCfg = Release|x64
		{F44A6528-4407-4000-86A0-A606ABDF15B1}.Release|x64.Build.0 = Release|x64
		{F44A6528-4407-4000-86A0-A606ABDF15B1}.Release|x86.ActiveCfg = Release|Win32
		{F44A6528-4407-4000-86A0-A606ABDF15B1}.Release|x86.Build.0 = Release|Win32
		{DF8E24FA-05E1-4A5F-9373-89783AAEC5A4}.Debug|x64.ActiveCfg = Debug|x64
		{DF8E24FA-05E1-4A5F-9373-89783AAEC5A4}.Debug|x64.Build.0 = Debug|x64
		{DF8E24FA-05E1-4A5F-9373-89783AAEC5A4}.Debug|x86.ActiveCfg = Debug|Win32
		{DF8E24FA-05E1-4A5F-9373-89783AAEC5A4}.Debug|x86.Build.0 = Debug|Win32
		{DF8E24FA-05E1-4A5F-9373-89783AAEC5A4}.Release|x64.ActiveCfg = Release|x64
		{DF8E24FA-05E1-4A5F-9373-89783AAEC5A4}.Release|x64.Build.0 = Release|x64
		{DF8E24FA-05E1-4A5F-9373-89783AAEC5A4}.Release|x86.ActiveCfg = Release|Win32
		{DF8E24FA-05E1-4A5F-9373-89783AAEC5A4}.Release|x86.Build.0 = Release|Win32
		{8356E73D-EB52-45E6-8105-FE42DE8FBFB3}.Debug|x64.ActiveCfg = Debug|x64
		{8356E73D-EB52-45E6-8105-FE42DE8FBFB3}.Debug|x64.Build.0 = Debug|x64
		{8356E73D-EB52-45E6-8105-FE42DE8FBFB3}.Debug|x86.ActiveCfg = Debug|Win32
		{8356E73D-EB52-45E6-8105-FE42DE8FBFB3}.Debug|x86.Build.0 = Debug|Win32
		{8356E73D-EB52-45E6-8105-FE42DE8FBFB3}.Release|x64.ActiveCfg = Release|x64
		{8356E73D-EB52-45E6-8105-FE42DE8FBFB3}.Release|x64.Build.0 = Release|x64
		{8356E73D-EB52-45E6-8105-FE42DE8FBFB3}.Release|x86.ActiveCfg = Release|Win32
		{8356E73D-EB52-45E6-8105-FE42DE8FBFB3}.Release|x86.Build.0 = Release|Win32
		{D1324809-32FD-4A30-885C-D038AC6E7680}.Debug|x64.ActiveCfg = Debug|x64
		{D1324809-32FD-4A30-885C-D038AC6E7680}.Debug|x64.Build.0 = Debug|x64
		{D1324809-32FD-4A30-885C-D038AC6E7680}.Debug|x86.ActiveCfg = Debug|Win32
		{D1324809-32FD-4A30-885C-D038AC6E7680}.Debug|x86.Build.0 = Debug|Win32
		{D1324809-32FD-4A30-885C-D038AC6E7680}.Release|x64.ActiveCfg = Release|x64
		{D1324809-32FD-4A30-885C-D038AC6E7680}.Release|x64.Build.0 = Release|x64
		{D1324809-32FD-4A30-885C-D038AC6E7680}.Release|x86.ActiveCfg = Release|Win32
		{D1324809-32FD-4A30-885C-D038AC6E7680}.Release|x86.Build.0 = Release|Win32
		{581B3677-3A10-40C9-B699-0BEA6E3A8084}.Debug|x64.ActiveCfg = Debug|x64
		{581B3677-3A10-40C9-B699-0BEA6E3A8084}.Debug|x64.Build.0 = Debug|x64
		{581B3677-3A10-40C9-B699-0BEA6E3A8084}.Debug|x86.ActiveCfg = Debug|Win32
		{581B3677-3A10-40C9-B699-0BEA6E3A8084}.Debug|x86.Build.0 = Debug|Win32
		{581B3677-3A10-40C9-B699-0BEA6E3A8084}.Release|x64.ActiveCfg = Release|x64
		{581B3677-3A10-40C9-B699-0BEA6E3A8084}.Release|x64.Build.0 = Release|x64
		{581B3677-3A10-40C9-B699-0BEA6E3A8084}.Release|x86.ActiveCfg = Release|Win32
		{581B3677-3A10-40C9-B699-0BEA6E3A8084}.Release|x86.Build.0 = Release|Win32
		{40ECBCC8-C0EF-4775-91E7-4F08C89149F9}.Debug|x64.ActiveCfg = Debug|x64
		{40ECBCC8-C0EF-4775-91E7-4F08C89149F9}.Debug|x64.Build.0 = Debug|x64
		{40ECBCC8-C0EF-4775-91E7-4F08C89149F9}.Debug|x86.ActiveCfg = Debug|Win32
		{40ECBCC8-C0EF-4775-91E7-4F08C89149F9}.Debug|x86.Build.0 = Debug|Win32
		{40ECBCC8-C0EF-4775-91E7-4F08C89149F9}.Release|x64.ActiveCfg = Release|x64
		{40ECBCC8-C0EF-4775-91E7-4F08C89149F9}.Release|x64.Build.0 = Release|x64
		{40ECBCC8-C0EF-4775-91E7-4F08C89149F9}.Release|x86.ActiveCfg = Release|Win32
		{40ECBCC8-C0EF-4775-91E7-4F08C89149F9}.Release|x86.Build.0 = Release|Win32
		{ECCE2ECB-6829-4956-862A-48937ECE8B8C}.Debug|x64.ActiveCfg = Debug|x64
		{ECCE2ECB-6829-4956-862A-48937ECE8B8C}.Debug|x64.Build.0 = Debug|x64
		{ECCE2ECB-6829-4956-862A-48937ECE8B8C}.Debug|x86.ActiveCfg = Debug|Win32
		{ECCE2ECB-6829-4956-862A-48937ECE8B8C}.Debug|x86.Build.0 = Debug|Win32
		{ECCE2ECB-6829-4956-862A-48937ECE8B8C}.Release|x64.ActiveCfg = Release|x64
		{ECCE2ECB-6829-4956-862A-48937ECE8B8C}.Release|x64.Build.0 = Release|x64
		{ECCE2ECB-6829-4956-862A-48937ECE8B8C}.Release|x86.ActiveCfg = Release|Win32
		{ECCE2ECB-6829-4956-862A-48937ECE8B8C}.Release|x86.Build.0 = Release|Win32
		{400F5CA7-DBB9-47F1-9F88-F1B5755026DD}.Debug|x64.ActiveCfg = Debug|x64
		{400F5CA7-DBB9-47F1-9F88-F1B5755026DD}.Debug|x64.Build.0 = Debug|x64
		{400F5CA7-DBB9-47F1-9F88-F1B5755026DD}.Debug|x86.ActiveCfg = Debug|Win32
		{400F5CA7-DBB9-47F1-9F88-F1B5755026DD}.Debug|x86.Build.0 = Debug|Win32
		{400F5CA7-DBB9-47F1-9F88-F1B5755026DD}.Release|x64.ActiveCfg = Release|x64
		{400F5CA7-DBB9-47F1-9F88-F1B5755026DD}.Release|x64.Build.0 = Release|x64
		{400F5CA7-DBB9-47F1-9F88-F1B5755026DD}.Release|x86.ActiveCfg = Release|Win32
		{400F5CA7-DBB9-47F1-9F88-F1B5755026DD}.Release|x86.Build.0 = Release|Win32
		{5E81E155-E568-496F-9F2C-486F1F6D893E}.Debug|x64.ActiveCfg = Debug|x64
		{5E81E155-E568-496F-9F2C-486F1F6D893E}.Debug|x64.Build.0 = Debug|x64
		{5E81E155-E568-496F-9F2C-486F1F6D893E}.Debug|x86.ActiveCfg = Debug|Win32
		{5E81E155-E568-496F-9F2C-486F1F6D893E}.Debug|x86.Build.0 = Debug|Win32
		{5E81E155-E568-496F-9F2C-486F1F6D893E}.Release|x64.ActiveCfg = Release|x64
		{5E81E155-E568-496F-9F2C-486F1F6D893E}.Release|x64.Build.0 = Release|x64
		{5E81E155-E568-496F-9F2C-486F1F6D893E}.Release|x86.ActiveCfg = Release|Win32
		{5E81E155-E568-496F-9F2C-486F1F6D893E}.Release|x86.Build.0 = Release|Win32
		{11739AD5-56E9-476F-BFEF-BE12E67166E5}.Debug|x64.ActiveCfg = Debug|x64
		{11739AD5-56E9-476F-BFEF-BE12E67166E5}.Debug|x64.Build.0 = Debug|x64
		{11739AD5-56E9-476F-BFEF-BE12E67166E5}.Debug|x86.ActiveCfg = Debug|Win32
		{11739AD5-56E9-476F-BFEF-BE12E67166E5}.Debug|x86.Build.0 = Debug|Win32
		{11739AD5-56E9-476F-BFEF-BE12E67166E5}.Release|x64.ActiveCfg = Release|x64
		{11739AD5-56E9-476F-BFEF-BE12E67166E5}.Release|x64.Build.0 = Release|x64
		{11739AD5-56E9-476F-BFEF-BE12E67166E5}.Release|x86.ActiveCfg = Release|Win32
		{11739AD5-56E9-476F-BFEF-BE12E67166E5}.Release|x86.Build.0 = Release|Win32
		{3A5A13FF-5041-4A28-B552-5B0F7A5ADE7B}.Debug|x64.ActiveCfg = Debug|x64
		{3A5A13FF-5041-4A28-B552-5B0F7A5ADE7B}.Debug|x64.Build.0 = Debug|x64
		{3A5A13FF-5041-4A28-B552-5B0F7A5ADE7B}.Debug|x86.ActiveCfg = Debug|Win32
		{3A5A13FF-5041-4A28-B552-5B0F7A5ADE7B}.Debug|x86.Build.0 = Debug|Win32
		{3A5A13FF-5041-4A28-B552-5B0F7A5ADE7B}.Release|x64.ActiveCfg = Release|x64
		{3A5A13FF-5041-4A28-B552-5B0F7A5ADE7B}.Release|x64.Build.0 = Release|x64
		{3A5A13FF-5041-4A28-B552-5B0F7A5ADE7B}.Release|x86.ActiveCfg = Release|Win32
		{3A5A13FF-5041-4A28-B552-5B0F7A5ADE7B}.Release|x86.Build.0 = Release|Win32
		{89322538-2CA2-46EC-887D-862995F832E2}.Debug|x64.ActiveCfg = Debug|x64
		{89322538-2CA2-46EC-887D-862995F832E2}.Debug|x64.Build.0 = Debug|x64
		{89322538-2CA2-46EC-887D-862995F832E2}.Debug|x86.ActiveCfg = Debug|Win32
		{89322538-2CA2-46EC-887D-862995F832E2}.Debug|x86.Build.0 = Debug|Win32
		{89322538-2CA2-46EC-887D-862995F832E2}.Release|x64.ActiveCfg = Release|x64
		{89322538-2CA2-46EC-887D-862995F832E2}.Release|x64.Build.0 = Release|x64
		{89322538-2CA2-46EC-887D-862995F832E2}.Release|x86.ActiveCfg = Release|Win32
		{89322538-2CA2-46EC-887D-862995F832E2}.Release|x86.Build.0 = Release|Win32
		{DAC63FF9-AF6B-46CF-9A34-322A7C02BF90}.Debug|x64.ActiveCfg = Debug|x64
		{DAC63FF9-AF6B-46CF-9A34-322A7C02BF90}.Debug|x64.Build.0 = Debug|x64
		{DAC63FF9-AF6B-46CF-9A34-322A7C02BF90}.Debug|x86.ActiveCfg = Debug|Win32
		{DAC63FF9-AF6B-46CF-9A34-322A7C02BF90}.Debug|x86.Build.0 = Debug|Win32
		{DAC63FF9-AF6B-46CF-9A34-322A7C02BF90}.Release|x64.ActiveCfg = Release|x64
		{DAC63FF9-AF6B-46CF-9A34-322A7C02BF90}.Release|x64.Build.0 = Release|x64
		{DAC63FF9-AF6B-46CF-9A34-322A7C02BF90}.Release|x86.ActiveCfg = Release|Win32
		{DAC63FF9-AF6B-46CF-9A34-322A7C02BF90}.Release|x86.Build.0 = Release|Win32
		{AEC0D51B-98CD-48BF-BCB1-2D7152E1A03E}.Debug|x64.ActiveCfg = Debug|x64
		{AEC0D51B-98CD-48BF-BCB1-2D7152E1A03E}.Debug|x64.Build.0 = Debug|x64
		{AEC0D51B-98CD-48BF-BCB1-2D7152E1A03E}.Debug|x86.ActiveCfg = Debug|Win32
		{AEC0D51B-98CD-48BF-BCB1-2D7152E1A03E}.Debug|x86.Build.0 = Debug|Win32
		{AEC0D51B-98CD-48BF-BCB1-2D7152E1A03E}.Release|x64.ActiveCfg = Release|x64
		{AEC0D51B-98CD-48BF-BCB1-2D7152E1A03E}.Release|x64.Build.0 = Release|x64
		{AEC0D51B-98CD-48BF-BCB1-2D7152E1A03E}.Release|x86.ActiveCfg = Release|Win32
		{AEC0D51B-98CD-48BF-BCB1-2D7152E1A03E}.Release|x86.Build.0 = Release|Win32
		{BA46779B-FAD2-442D-9DF4-D9DE39696421}.Debug|x64.ActiveCfg = Debug|x64
		{BA46779B-FAD2-442D-9DF4-D9DE39696421}.Debug|x64.Build.0 = Debug|x64
		{BA46779B-FAD2-442D-9DF4-D9DE39696421}.Debug|x86.ActiveCfg = Debug|Win32
		{BA46779B-FAD2-442D-9DF4-D9DE39696421}.Debug|x86.Build.0 = Debug|Win32
		{BA46779B-FAD2-442D-9DF4-D9DE39696421}.Release|x64.ActiveCfg = Release|x64
		{BA46779B-FAD2-442D-9DF4-D9DE39696421}.Release|x64.Build.0 = Release|x64
		{BA46779B-FAD2-442D-9DF4-D9DE39696421}.Release|x86.ActiveCfg = Release|Win32
		{BA46779B-FAD2-442D-9DF4-D9DE39696421}.Release|x86.Build.0 = Release|Win32
		{BF9F83D0-A9CD-4AD3-9B9C-C7F943DB12EF}.Debug|x64.ActiveCfg = Debug|x64
		{BF9F83D0-A9CD-4AD3-9B9C-C7F943DB12EF}.Debug|x64.Build.0 = Debug|x64
		{BF9F83D0-A9CD-4AD3-9B9C-C7F943DB12EF}.Debug|x86.ActiveCfg = Debug|Win32
		{BF9F83D0-A9CD-4AD3-9B9C-C7F943DB12EF}.Debug|x86.Build.0 = Debug|Win32
		{BF9F83D0-A9CD-4AD3-9B9C-C7F943DB12EF}.Release|x64.ActiveCfg = Release|x64
		{BF9F83D0-A9CD-4AD3-9B9C-C7F943DB12EF}.Release|x64.Build.0 = Release|x64
		{BF9F83D0-A9CD-4AD3-9B9C-C7F943DB12EF}.Release|x86.ActiveCfg = Release|Win32
		{BF9F83D0-A9CD-4AD3-9B9C-C7F943DB12EF}.Release|x86.Build.0 = Release|Win32
		{B6BE0EF4-632D-4E63-BA64-DE40C24E53EC}.Debug|x64.ActiveCfg = Debug|x64
		{B6BE0EF4-632D-4E63-BA64-DE40C24E53EC}.Debug|x64.Build.0 = Debug|x64
		{B6BE0EF4-632D-4E63-BA64-DE40C24E53EC}.Debug|x86.ActiveCfg = Debug|Win32
		{B6BE0EF4-632D-4E63-BA64-DE40C24E53EC}.Debug|x86.Build.0 = Debug|Win32
		{B6BE0EF4-632D-4E63-BA64-DE40C24E53EC}.Release|x64.ActiveCfg = Release|x64
		{B6BE0EF4-632D-4E63-BA64-DE40C24E53EC}.Release|x64.Build.0 = Release|x64
		{B6BE0EF4-632D-4E63-BA64-DE40C24E53EC}.Release|x86.ActiveCfg = Release|Win32
		{B6BE0EF4-632D-4E63-BA64-DE40C24E53EC}.Release|x86.Build.0 = Release|Win32
		{DDBBAC2C-EBFA-49AB-B57C-FE48824CD5E4}.Debug|x64.ActiveCfg = Debug|x64
		{DDBBAC2C-EBFA-49AB-B57C-FE48824CD5E4}.Debug|x64.Build.0 = Debug|x64
		{DDBBAC2C-EBFA-49AB-B57C-FE48824CD5E4}.Debug|x86.ActiveCfg = Debug|Win32
		{DDBBAC2C-EBFA-49AB-B57C-FE48824CD5E4}.Debug|x86.Build.0 = Debug|Win32
		{DDBBAC2C-EBFA-49AB-B57C-FE48824CD5E4}.Release|x64.ActiveCfg = Release|x64
		{DDBBAC2C-EBFA-49AB-B57C-FE48824CD5E4}.Release|x64.Build.0 = Release|x64
		{DDBBAC2C-EBFA-49AB-B57C-FE48824CD5E4}.Release|x86.ActiveCfg = Release|Win32
		{DDBBAC2C-EBFA-49AB-B57C-FE48824CD5E4}.Release|x86.Build.0 = Release|Win32
		{A59DE639-34BD-4296-B0AF-9F87FA1A9F01}.Debug|x64.ActiveCfg = Debug|x64
		{A59DE639-34BD-4296-B0AF-9F87FA1A9F01}.Debug|x64.Build.0 = Debug|x64
		{A59DE639-34BD-4296-B0AF-9F87FA1A9F01}.Debug|x86.ActiveCfg = Debug|Win32
		{A59DE639-34BD-4296-B0AF-9F87FA1A9F01}.Debug|x86.Build.0 = Debug|Win32
		{A59DE639-34BD-4296-B0AF-9F87FA1A9F01}.Release|x64.ActiveCfg = Release|x64
		{A59DE639-34BD-4296-B0AF-9F87FA1A9F01}.Release|x64.Build.0 = Release|x64
		{A59DE639-34BD-4296-B0AF-9F87FA1A9F01}.Release|x86.ActiveCfg = Release|Win32
		{A59DE639-34BD-4296-B0AF-9F87FA1A9F01}.Release|x86.Build.0 = Release|Win32
		{78C0FEA7-8730-4F6B-A3B3-2B546F06CC60}.Debug|x64.ActiveCfg = Debug|x64
		{78C0FEA7-8730-4F6B-A3B3-2B546F06CC60}.Debug|x64.Build.0 = Debug|x64
		{78C0FEA7-8730-4F6B-A3B3-2B546F06CC60}.Debug|x86.ActiveCfg = Debug|Win32
		{78C0FEA7-8730-4F6B-A3B3-2B546F06CC60}.Debug|x86.Build.0 = Debug|Win32
		{78C0FEA7-8730-4F6B-A3B3-2B546F06CC60}.Release|x64.ActiveCfg = Release|x64
		{78C0FEA7-8730-4F6B-A3B3-2B546F06CC60}.Release|x64.Build.0 = Release|x64
		{78C0FEA7-8730-4F6B-A3B3-2B546F06CC60}.Release|x86.ActiveCfg = Release|Win32
		{78C0FEA7-8730-4F6B-A3B3-2B546F06CC60}.Release|x86.Build.0 = Release|Win32
		{66A1581B-B6C1-476C-8AEC-26B3C9EB7182}.Debug|x64.ActiveCfg = Debug|x64
		{66A1581B-B6C1-476C-8AEC-26B3C9EB7182}.Debug|x64.Build.0 = Debug|x64
		{66A1581B-B6C1-476C-8AEC-26B3C9EB7182}.Debug|x86.ActiveCfg = Debug|Win32
		{66A1581B-B6C1-476C-8AEC-26B3C9EB7182}.Debug|x86.Build.0 = Debug|Win32
		{66A1581B-B6C1-476C-8AEC-26B3C9EB7182}.Release|x64.ActiveCfg = Release|x64
		{66A1581B-B6C1-476C-8AEC-26B3C9EB7182}.Release|x64.Build.0 = Release|x64
		{66A1581B-B6C1-476C-8AEC-26B3C9EB7182}.Release|x86.ActiveCfg = Release|Win32
		{66A1581B-B6C1-476C-8AEC-26B3C9EB7182}.Release|x86.Build.0 = Release|Win32
		{227D769E-4E0E-484B-9887-29EE02040E99}.Debug|x64.ActiveCfg = Debug|x64
		{227D769E-4E0E-484B-9887-29EE02040E99}.Debug|x64.Build.0 = Debug|x64
		{227D769E-4E0E-484B-9887-29EE02040E99}.Debug|x86.ActiveCfg = Debug|Win32
		{227D769E-4E0E-484B-9887-29EE02040E99}.Debug|x86.Build.0 = Debug|Win32
		{227D769E-4E0E-484B-9887-29EE02040E99}.Release|x64.ActiveCfg = Release|x64
		{227D769E-4E0E-484B-9887-29EE02040E99}.Release|x64.Build.0 = Release|x64
		{227D769E-4E0E-484B-9887-29EE02040E99}.Release|x86.ActiveCfg = Release|Win32
		{227D769E-4E0E-484B-9887-29EE02040E99}.Release|x86.Build.0 = Release|Win32
		{838644FA-3230-4283-ACB9-A08742A702CF}.Debug|x64.ActiveCfg = Debug|x64
		{838644FA-3230-4283-ACB9-A08742A702CF}.Debug|x64.Build.0 = Debug|x64
		{838644FA-3230-4283-ACB9-A08742A702CF}.Debug|x86.ActiveCfg = Debug|Win32
		{838644FA-3230-4283-ACB9-A08742A702CF}.Debug|x86.Build.0 = Debug|Win32
		{838644FA-3230-4283-ACB9-A08742A702CF}.Release|x64.ActiveCfg = Release|x64
		{838644FA-3230-4283-ACB9-A08742A702CF}.Release|x64.Build.0 = Release|x64
		{838644FA-3230-4283-ACB9-A08742A702CF}.Release|x86.ActiveCfg = Release|Win32
		{838644FA-3230-4283-ACB9-A08742A702CF}.Release|x86.Build.0 = Release|Win32
		{C6FE7284-C841-4C15-8227-310305E9FDAF}.Debug|x64.ActiveCfg = Debug|x64
		{C6FE7284-C841-4C15-8227-310305E9FDAF}.Debug|x64.Build.0 = Debug|x64
		{C6FE7284-C841-4C15-8227-310305E9FDAF}.Debug|x86.ActiveCfg = Debug|Win32
		{C6FE7284-C841-4C15-8227-310305E9FDAF}.Debug|x86.Build.0 = Debug|Win32
		{C6FE7284-C841-4C15-8227-310305E9FDAF}.Release|x64.ActiveCfg = Release|x64
		{C6FE7284-C841-4C15-8227-310305E9FDAF}.Release|x64.Build.0 = Release|x64
		{C6FE7284-C841-4C15-8227-310305E9FDAF}.Release|x86.ActiveCfg = Release|Win32
		{C6FE7284-C841-4C15-8227-310305E9FDAF}.Release|x86.Build.0 = Release|Win32
		{911926BD-9FDB-44B8-ABBC-9C96CF24D7DB}.Debug|x64.ActiveCfg = Debug|x64
		{911926BD-9FDB-44B8-ABBC-9C96CF24D7DB}.Debug|x64.Build.0 = Debug|x64
		{911926BD-9FDB-44B8-ABBC-9C96CF24D7DB}.Debug|x86.ActiveCfg = Debug|Win32
		{911926BD-9FDB-44B8-ABBC-9C96CF24D7DB}.Debug|x86.Build.0 = Debug|Win32
		{911926BD-9FDB-44B8-ABBC-9C96CF24D7DB}.Release|x64.ActiveCfg = Release|x64
		{911926BD-9FDB-44B8-ABBC-9C96CF24D7DB}.Release|x64.Build.0 = Release|x64
		{911926BD-9FDB-44B8-ABBC-9C96CF24D7DB}.Release|x86.ActiveCfg = Release|Win32
		{911926BD-9FDB-44B8-ABBC-9C96CF24D7DB}.Release|x86.Build.0 = Release|Win32
	EndGlobalSection
	GlobalSection(SolutionProperties) = preSolution
		HideSolutionNode = FALSE
	EndGlobalSection
	GlobalSection(NestedProjects) = preSolution
		{48684622-92D5-4F3D-86A0-27549FB4BED2} = {927BE22D-15C4-4EB3-95FB-BFA6EC35A30A}
		{F44A6528-4407-4000-86A0-A606ABDF15B1} = {F8ADDAE7-1DA1-4A77-881B-077EE5BD936E}
		{8356E73D-EB52-45E6-8105-FE42DE8FBFB3} = {F8ADDAE7-1DA1-4A77-881B-077EE5BD936E}
		{D1324809-32FD-4A30-885C-D038AC6E7680} = {F8ADDAE7-1DA1-4A77-881B-077EE5BD936E}
		{581B3677-3A10-40C9-B699-0BEA6E3A8084} = {F8ADDAE7-1DA1-4A77-881B-077EE5BD936E}
		{40ECBCC8-C0EF-4775-91E7-4F08C89149F9} = {9BB0B911-21F2-436C-953F-87C137176F4D}
		{ECCE2ECB-6829-4956-862A-48937ECE8B8C} = {4E96CF43-220C-4CDF-9CDC-81B24FC234E6}
		{400F5CA7-DBB9-47F1-9F88-F1B5755026DD} = {2DA1259F-ADA3-4929-AECE-5E8BD7383EBD}
		{5E81E155-E568-496F-9F2C-486F1F6D893E} = {927BE22D-15C4-4EB3-95FB-BFA6EC35A30A}
		{11739AD5-56E9-476F-BFEF-BE12E67166E5} = {2DA1259F-ADA3-4929-AECE-5E8BD7383EBD}
		{3A5A13FF-5041-4A28-B552-5B0F7A5ADE7B} = {2DA1259F-ADA3-4929-AECE-5E8BD7383EBD}
		{89322538-2CA2-46EC-887D-862995F832E2} = {2DA1259F-ADA3-4929-AECE-5E8BD7383EBD}
		{DAC63FF9-AF6B-46CF-9A34-322A7C02BF90} = {2DA1259F-ADA3-4929-AECE-5E8BD7383EBD}
		{AEC0D51B-98CD-48BF-BCB1-2D7152E1A03E} = {2DA1259F-ADA3-4929-AECE-5E8BD7383EBD}
		{BA46779B-FAD2-442D-9DF4-D9DE39696421} = {2DA1259F-ADA3-4929-AECE-5E8BD7383EBD}
		{B6BE0EF4-632D-4E63-BA64-DE40C24E53EC} = {AF1691D3-BEB8-44C8-A1C4-43584F2DF936}
		{DDBBAC2C-EBFA-49AB-B57C-FE48824CD5E4} = {AF1691D3-BEB8-44C8-A1C4-43584F2DF936}
		{A59DE639-34BD-4296-B0AF-9F87FA1A9F01} = {AF1691D3-BEB8-44C8-A1C4-43584F2DF936}
		{78C0FEA7-8730-4F6B-A3B3-2B546F06CC60} = {AF1691D3-BEB8-44C8-A1C4-43584F2DF936}
		{66A1581B-B6C1-476C-8AEC-26B3C9EB7182} = {927BE22D-15C4-4EB3-95FB-BFA6EC35A30A}
		{227D769E-4E0E-484B-9887-29EE02040E99} = {AF1691D3-BEB8-44C8-A1C4-43584F2DF936}
		{911926BD-9FDB-44B8-ABBC-9C96CF24D7DB} = {4E96CF43-220C-4CDF-9CDC-81B24FC234E6}
	EndGlobalSection
	GlobalSection(ExtensibilityGlobals) = postSolution
		SolutionGuid = {EE016960-B81C-4463-9101-CDBE1A0F10B5}
	EndGlobalSection
EndGlobal
